
Microsoft Visual Studio Solution File, Format Version 12.00
# Visual Studio Version 17
VisualStudioVersion = 17.0.31903.59
MinimumVisualStudioVersion = 10.0.40219.1
Project("{2150E333-8FDC-42A3-9474-1A3956D46DE8}") = "src", "src", "{827E0CD3-B72D-47B6-A68D-7590B98EB39B}"
EndProject
Project("{FAE04EC0-301F-11D3-BF4B-00C04F79EFBC}") = "InvestView.Api", "src\InvestView.Api\InvestView.Api.csproj", "{0430AB48-7FB2-4FAB-AE56-4AFD57B46643}"
EndProject
Project("{FAE04EC0-301F-11D3-BF4B-00C04F79EFBC}") = "InvestView.Application", "src\InvestView.Application\InvestView.Application.csproj", "{CBD99ED3-6760-44AD-863F-60F7A01C7CA4}"
EndProject
Project("{FAE04EC0-301F-11D3-BF4B-00C04F79EFBC}") = "InvestView.Domain", "src\InvestView.Domain\InvestView.Domain.csproj", "{4349031F-5C6C-4FA8-9540-D226BC2BDD6D}"
EndProject
Project("{FAE04EC0-301F-11D3-BF4B-00C04F79EFBC}") = "InvestView.Infrastructure", "src\InvestView.Infrastructure\InvestView.Infrastructure.csproj", "{47601337-56DC-4380-8FE2-2A8EEEC1D092}"
EndProject
Project("{2150E333-8FDC-42A3-9474-1A3956D46DE8}") = "tests", "tests", "{0AB3BF05-4346-4AA6-1389-037BE0695223}"
EndProject
Project("{FAE04EC0-301F-11D3-BF4B-00C04F79EFBC}") = "InvestView.Api.Tests", "tests\InvestView.Api.Tests\InvestView.Api.Tests.csproj", "{6690A2F6-360E-4C0A-B236-E934C650951B}"
EndProject
Project("{FAE04EC0-301F-11D3-BF4B-00C04F79EFBC}") = "InvestView.Application.Tests", "tests\InvestView.Application.Tests\InvestView.Application.Tests.csproj", "{9C1374EF-CE13-405A-8976-A6CD00ED4CBF}"
EndProject
Project("{FAE04EC0-301F-11D3-BF4B-00C04F79EFBC}") = "InvestView.Domain.Tests", "tests\InvestView.Domain.Tests\InvestView.Domain.Tests.csproj", "{15095E93-9501-4BDF-8C5D-A4FAD19D6955}"
EndProject
Global
	GlobalSection(SolutionConfigurationPlatforms) = preSolution
		Debug|Any CPU = Debug|Any CPU
		Debug|x64 = Debug|x64
		Debug|x86 = Debug|x86
		Release|Any CPU = Release|Any CPU
		Release|x64 = Release|x64
		Release|x86 = Release|x86
	EndGlobalSection
	GlobalSection(ProjectConfigurationPlatforms) = postSolution
		{0430AB48-7FB2-4FAB-AE56-4AFD57B46643}.Debug|Any CPU.ActiveCfg = Debug|Any CPU
		{0430AB48-7FB2-4FAB-AE56-4AFD57B46643}.Debug|Any CPU.Build.0 = Debug|Any CPU
		{0430AB48-7FB2-4FAB-AE56-4AFD57B46643}.Debug|x64.ActiveCfg = Debug|Any CPU
		{0430AB48-7FB2-4FAB-AE56-4AFD57B46643}.Debug|x64.Build.0 = Debug|Any CPU
		{0430AB48-7FB2-4FAB-AE56-4AFD57B46643}.Debug|x86.ActiveCfg = Debug|Any CPU
		{0430AB48-7FB2-4FAB-AE56-4AFD57B46643}.Debug|x86.Build.0 = Debug|Any CPU
		{0430AB48-7FB2-4FAB-AE56-4AFD57B46643}.Release|Any CPU.ActiveCfg = Release|Any CPU
		{0430AB48-7FB2-4FAB-AE56-4AFD57B46643}.Release|Any CPU.Build.0 = Release|Any CPU
		{0430AB48-7FB2-4FAB-AE56-4AFD57B46643}.Release|x64.ActiveCfg = Release|Any CPU
		{0430AB48-7FB2-4FAB-AE56-4AFD57B46643}.Release|x64.Build.0 = Release|Any CPU
		{0430AB48-7FB2-4FAB-AE56-4AFD57B46643}.Release|x86.ActiveCfg = Release|Any CPU
		{0430AB48-7FB2-4FAB-AE56-4AFD57B46643}.Release|x86.Build.0 = Release|Any CPU
		{CBD99ED3-6760-44AD-863F-60F7A01C7CA4}.Debug|Any CPU.ActiveCfg = Debug|Any CPU
		{CBD99ED3-6760-44AD-863F-60F7A01C7CA4}.Debug|Any CPU.Build.0 = Debug|Any CPU
		{CBD99ED3-6760-44AD-863F-60F7A01C7CA4}.Debug|x64.ActiveCfg = Debug|Any CPU
		{CBD99ED3-6760-44AD-863F-60F7A01C7CA4}.Debug|x64.Build.0 = Debug|Any CPU
		{CBD99ED3-6760-44AD-863F-60F7A01C7CA4}.Debug|x86.ActiveCfg = Debug|Any CPU
		{CBD99ED3-6760-44AD-863F-60F7A01C7CA4}.Debug|x86.Build.0 = Debug|Any CPU
		{CBD99ED3-6760-44AD-863F-60F7A01C7CA4}.Release|Any CPU.ActiveCfg = Release|Any CPU
		{CBD99ED3-6760-44AD-863F-60F7A01C7CA4}.Release|Any CPU.Build.0 = Release|Any CPU
		{CBD99ED3-6760-44AD-863F-60F7A01C7CA4}.Release|x64.ActiveCfg = Release|Any CPU
		{CBD99ED3-6760-44AD-863F-60F7A01C7CA4}.Release|x64.Build.0 = Release|Any CPU
		{CBD99ED3-6760-44AD-863F-60F7A01C7CA4}.Release|x86.ActiveCfg = Release|Any CPU
		{CBD99ED3-6760-44AD-863F-60F7A01C7CA4}.Release|x86.Build.0 = Release|Any CPU
		{4349031F-5C6C-4FA8-9540-D226BC2BDD6D}.Debug|Any CPU.ActiveCfg = Debug|Any CPU
		{4349031F-5C6C-4FA8-9540-D226BC2BDD6D}.Debug|Any CPU.Build.0 = Debug|Any CPU
		{4349031F-5C6C-4FA8-9540-D226BC2BDD6D}.Debug|x64.ActiveCfg = Debug|Any CPU
		{4349031F-5C6C-4FA8-9540-D226BC2BDD6D}.Debug|x64.Build.0 = Debug|Any CPU
		{4349031F-5C6C-4FA8-9540-D226BC2BDD6D}.Debug|x86.ActiveCfg = Debug|Any CPU
		{4349031F-5C6C-4FA8-9540-D226BC2BDD6D}.Debug|x86.Build.0 = Debug|Any CPU
		{4349031F-5C6C-4FA8-9540-D226BC2BDD6D}.Release|Any CPU.ActiveCfg = Release|Any CPU
		{4349031F-5C6C-4FA8-9540-D226BC2BDD6D}.Release|Any CPU.Build.0 = Release|Any CPU
		{4349031F-5C6C-4FA8-9540-D226BC2BDD6D}.Release|x64.ActiveCfg = Release|Any CPU
		{4349031F-5C6C-4FA8-9540-D226BC2BDD6D}.Release|x64.Build.0 = Release|Any CPU
		{4349031F-5C6C-4FA8-9540-D226BC2BDD6D}.Release|x86.ActiveCfg = Release|Any CPU
		{4349031F-5C6C-4FA8-9540-D226BC2BDD6D}.Release|x86.Build.0 = Release|Any CPU
		{47601337-56DC-4380-8FE2-2A8EEEC1D092}.Debug|Any CPU.ActiveCfg = Debug|Any CPU
		{47601337-56DC-4380-8FE2-2A8EEEC1D092}.Debug|Any CPU.Build.0 = Debug|Any CPU
		{47601337-56DC-4380-8FE2-2A8EEEC1D092}.Debug|x64.ActiveCfg = Debug|Any CPU
		{47601337-56DC-4380-8FE2-2A8EEEC1D092}.Debug|x64.Build.0 = Debug|Any CPU
		{47601337-56DC-4380-8FE2-2A8EEEC1D092}.Debug|x86.ActiveCfg = Debug|Any CPU
		{47601337-56DC-4380-8FE2-2A8EEEC1D092}.Debug|x86.Build.0 = Debug|Any CPU
		{47601337-56DC-4380-8FE2-2A8EEEC1D092}.Release|Any CPU.ActiveCfg = Release|Any CPU
		{47601337-56DC-4380-8FE2-2A8EEEC1D092}.Release|Any CPU.Build.0 = Release|Any CPU
		{47601337-56DC-4380-8FE2-2A8EEEC1D092}.Release|x64.ActiveCfg = Release|Any CPU
		{47601337-56DC-4380-8FE2-2A8EEEC1D092}.Release|x64.Build.0 = Release|Any CPU
		{47601337-56DC-4380-8FE2-2A8EEEC1D092}.Release|x86.ActiveCfg = Release|Any CPU
		{47601337-56DC-4380-8FE2-2A8EEEC1D092}.Release|x86.Build.0 = Release|Any CPU
		{6690A2F6-360E-4C0A-B236-E934C650951B}.Debug|Any CPU.ActiveCfg = Debug|Any CPU
		{6690A2F6-360E-4C0A-B236-E934C650951B}.Debug|Any CPU.Build.0 = Debug|Any CPU
		{6690A2F6-360E-4C0A-B236-E934C650951B}.Debug|x64.ActiveCfg = Debug|Any CPU
		{6690A2F6-360E-4C0A-B236-E934C650951B}.Debug|x64.Build.0 = Debug|Any CPU
		{6690A2F6-360E-4C0A-B236-E934C650951B}.Debug|x86.ActiveCfg = Debug|Any CPU
		{6690A2F6-360E-4C0A-B236-E934C650951B}.Debug|x86.Build.0 = Debug|Any CPU
		{6690A2F6-360E-4C0A-B236-E934C650951B}.Release|Any CPU.ActiveCfg = Release|Any CPU
		{6690A2F6-360E-4C0A-B236-E934C650951B}.Release|Any CPU.Build.0 = Release|Any CPU
		{6690A2F6-360E-4C0A-B236-E934C650951B}.Release|x64.ActiveCfg = Release|Any CPU
		{6690A2F6-360E-4C0A-B236-E934C650951B}.Release|x64.Build.0 = Release|Any CPU
		{6690A2F6-360E-4C0A-B236-E934C650951B}.Release|x86.ActiveCfg = Release|Any CPU
		{6690A2F6-360E-4C0A-B236-E934C650951B}.Release|x86.Build.0 = Release|Any CPU
		{9C1374EF-CE13-405A-8976-A6CD00ED4CBF}.Debug|Any CPU.ActiveCfg = Debug|Any CPU
		{9C1374EF-CE13-405A-8976-A6CD00ED4CBF}.Debug|Any CPU.Build.0 = Debug|Any CPU
		{9C1374EF-CE13-405A-8976-A6CD00ED4CBF}.Debug|x64.ActiveCfg = Debug|Any CPU
		{9C1374EF-CE13-405A-8976-A6CD00ED4CBF}.Debug|x64.Build.0 = Debug|Any CPU
		{9C1374EF-CE13-405A-8976-A6CD00ED4CBF}.Debug|x86.ActiveCfg = Debug|Any CPU
		{9C1374EF-CE13-405A-8976-A6CD00ED4CBF}.Debug|x86.Build.0 = Debug|Any CPU
		{9C1374EF-CE13-405A-8976-A6CD00ED4CBF}.Release|Any CPU.ActiveCfg = Release|Any CPU
		{9C1374EF-CE13-405A-8976-A6CD00ED4CBF}.Release|Any CPU.Build.0 = Release|Any CPU
		{9C1374EF-CE13-405A-8976-A6CD00ED4CBF}.Release|x64.ActiveCfg = Release|Any CPU
		{9C1374EF-CE13-405A-8976-A6CD00ED4CBF}.Release|x64.Build.0 = Release|Any CPU
		{9C1374EF-CE13-405A-8976-A6CD00ED4CBF}.Release|x86.ActiveCfg = Release|Any CPU
		{9C1374EF-CE13-405A-8976-A6CD00ED4CBF}.Release|x86.Build.0 = Release|Any CPU
		{15095E93-9501-4BDF-8C5D-A4FAD19D6955}.Debug|Any CPU.ActiveCfg = Debug|Any CPU
		{15095E93-9501-4BDF-8C5D-A4FAD19D6955}.Debug|Any CPU.Build.0 = Debug|Any CPU
		{15095E93-9501-4BDF-8C5D-A4FAD19D6955}.Debug|x64.ActiveCfg = Debug|Any CPU
		{15095E93-9501-4BDF-8C5D-A4FAD19D6955}.Debug|x64.Build.0 = Debug|Any CPU
		{15095E93-9501-4BDF-8C5D-A4FAD19D6955}.Debug|x86.ActiveCfg = Debug|Any CPU
		{15095E93-9501-4BDF-8C5D-A4FAD19D6955}.Debug|x86.Build.0 = Debug|Any CPU
		{15095E93-9501-4BDF-8C5D-A4FAD19D6955}.Release|Any CPU.ActiveCfg = Release|Any CPU
		{15095E93-9501-4BDF-8C5D-A4FAD19D6955}.Release|Any CPU.Build.0 = Release|Any CPU
		{15095E93-9501-4BDF-8C5D-A4FAD19D6955}.Release|x64.ActiveCfg = Release|Any CPU
		{15095E93-9501-4BDF-8C5D-A4FAD19D6955}.Release|x64.Build.0 = Release|Any CPU
		{15095E93-9501-4BDF-8C5D-A4FAD19D6955}.Release|x86.ActiveCfg = Release|Any CPU
		{15095E93-9501-4BDF-8C5D-A4FAD19D6955}.Release|x86.Build.0 = Release|Any CPU
	EndGlobalSection
	GlobalSection(SolutionProperties) = preSolution
		HideSolutionNode = FALSE
	EndGlobalSection
	GlobalSection(NestedProjects) = preSolution
		{0430AB48-7FB2-4FAB-AE56-4AFD57B46643} = {827E0CD3-B72D-47B6-A68D-7590B98EB39B}
		{CBD99ED3-6760-44AD-863F-60F7A01C7CA4} = {827E0CD3-B72D-47B6-A68D-7590B98EB39B}
		{4349031F-5C6C-4FA8-9540-D226BC2BDD6D} = {827E0CD3-B72D-47B6-A68D-7590B98EB39B}
		{47601337-56DC-4380-8FE2-2A8EEEC1D092} = {827E0CD3-B72D-47B6-A68D-7590B98EB39B}
		{6690A2F6-360E-4C0A-B236-E934C650951B} = {0AB3BF05-4346-4AA6-1389-037BE0695223}
		{9C1374EF-CE13-405A-8976-A6CD00ED4CBF} = {0AB3BF05-4346-4AA6-1389-037BE0695223}
		{15095E93-9501-4BDF-8C5D-A4FAD19D6955} = {0AB3BF05-4346-4AA6-1389-037BE0695223}
	EndGlobalSection
EndGlobal
